// !$*UTF8*$!
{
	archiveVersion = 1;
	classes = {
	};
	objectVersion = 51;
	objects = {

/* Begin PBXBuildFile section */
		0DC3E15232745E2BF195F1E2 /* Pods_BookSeeker.framework in Frameworks */ = {isa = PBXBuildFile; fileRef = 4F7DABA4F1A32A629ADE4365 /* Pods_BookSeeker.framework */; };
		1451638F95674B6B896555DC /* Pods_BookSeekerUITests.framework in Frameworks */ = {isa = PBXBuildFile; fileRef = FD9409A16A258352BDE9835E /* Pods_BookSeekerUITests.framework */; };
		373B6438053999DC83BA177F /* Pods_BookSeekerTests.framework in Frameworks */ = {isa = PBXBuildFile; fileRef = 5CDE1357A6E29AFB7E8D4634 /* Pods_BookSeekerTests.framework */; };
		B1B751E4233D28D6002C83F2 /* AppDelegate.swift in Sources */ = {isa = PBXBuildFile; fileRef = B1B751E3233D28D6002C83F2 /* AppDelegate.swift */; };
		B1B751E6233D28D6002C83F2 /* SceneDelegate.swift in Sources */ = {isa = PBXBuildFile; fileRef = B1B751E5233D28D6002C83F2 /* SceneDelegate.swift */; };
		B1B751E8233D28D6002C83F2 /* ViewController.swift in Sources */ = {isa = PBXBuildFile; fileRef = B1B751E7233D28D6002C83F2 /* ViewController.swift */; };
		B1B751EB233D28D6002C83F2 /* Main.storyboard in Resources */ = {isa = PBXBuildFile; fileRef = B1B751E9233D28D6002C83F2 /* Main.storyboard */; };
		B1B751ED233D28D8002C83F2 /* Assets.xcassets in Resources */ = {isa = PBXBuildFile; fileRef = B1B751EC233D28D8002C83F2 /* Assets.xcassets */; };
		B1B751F0233D28D8002C83F2 /* LaunchScreen.storyboard in Resources */ = {isa = PBXBuildFile; fileRef = B1B751EE233D28D8002C83F2 /* LaunchScreen.storyboard */; };
		B1B751FB233D28D8002C83F2 /* BookSeekerTests.swift in Sources */ = {isa = PBXBuildFile; fileRef = B1B751FA233D28D8002C83F2 /* BookSeekerTests.swift */; };
		B1B75206233D28D9002C83F2 /* BookSeekerUITests.swift in Sources */ = {isa = PBXBuildFile; fileRef = B1B75205233D28D9002C83F2 /* BookSeekerUITests.swift */; };
/* End PBXBuildFile section */

/* Begin PBXContainerItemProxy section */
		B1B751F7233D28D8002C83F2 /* PBXContainerItemProxy */ = {
			isa = PBXContainerItemProxy;
			containerPortal = B1B751D8233D28D6002C83F2 /* Project object */;
			proxyType = 1;
			remoteGlobalIDString = B1B751DF233D28D6002C83F2;
			remoteInfo = BookSeeker;
		};
		B1B75202233D28D9002C83F2 /* PBXContainerItemProxy */ = {
			isa = PBXContainerItemProxy;
			containerPortal = B1B751D8233D28D6002C83F2 /* Project object */;
			proxyType = 1;
			remoteGlobalIDString = B1B751DF233D28D6002C83F2;
			remoteInfo = BookSeeker;
		};
/* End PBXContainerItemProxy section */

/* Begin PBXFileReference section */
		0043A0DA9B201F3B8E554D5F /* Pods-BookSeeker.debug.xcconfig */ = {isa = PBXFileReference; includeInIndex = 1; lastKnownFileType = text.xcconfig; name = "Pods-BookSeeker.debug.xcconfig"; path = "Target Support Files/Pods-BookSeeker/Pods-BookSeeker.debug.xcconfig"; sourceTree = "<group>"; };
		11E20DD3E47A9E52E9AC22DE /* Pods-BookSeekerUITests.release.xcconfig */ = {isa = PBXFileReference; includeInIndex = 1; lastKnownFileType = text.xcconfig; name = "Pods-BookSeekerUITests.release.xcconfig"; path = "Target Support Files/Pods-BookSeekerUITests/Pods-BookSeekerUITests.release.xcconfig"; sourceTree = "<group>"; };
		30CCE24FC0F04856C4A4D9F1 /* Pods-BookSeekerTests.debug.xcconfig */ = {isa = PBXFileReference; includeInIndex = 1; lastKnownFileType = text.xcconfig; name = "Pods-BookSeekerTests.debug.xcconfig"; path = "Target Support Files/Pods-BookSeekerTests/Pods-BookSeekerTests.debug.xcconfig"; sourceTree = "<group>"; };
		31B8D881FA8E490F13BFE945 /* Pods-BookSeeker.release.xcconfig */ = {isa = PBXFileReference; includeInIndex = 1; lastKnownFileType = text.xcconfig; name = "Pods-BookSeeker.release.xcconfig"; path = "Target Support Files/Pods-BookSeeker/Pods-BookSeeker.release.xcconfig"; sourceTree = "<group>"; };
		4F7DABA4F1A32A629ADE4365 /* Pods_BookSeeker.framework */ = {isa = PBXFileReference; explicitFileType = wrapper.framework; includeInIndex = 0; path = Pods_BookSeeker.framework; sourceTree = BUILT_PRODUCTS_DIR; };
		5CDE1357A6E29AFB7E8D4634 /* Pods_BookSeekerTests.framework */ = {isa = PBXFileReference; explicitFileType = wrapper.framework; includeInIndex = 0; path = Pods_BookSeekerTests.framework; sourceTree = BUILT_PRODUCTS_DIR; };
		81DAC13EAF88A98321EF9729 /* Pods-BookSeekerTests.release.xcconfig */ = {isa = PBXFileReference; includeInIndex = 1; lastKnownFileType = text.xcconfig; name = "Pods-BookSeekerTests.release.xcconfig"; path = "Target Support Files/Pods-BookSeekerTests/Pods-BookSeekerTests.release.xcconfig"; sourceTree = "<group>"; };
		B1B751E0233D28D6002C83F2 /* BookSeeker.app */ = {isa = PBXFileReference; explicitFileType = wrapper.application; includeInIndex = 0; path = BookSeeker.app; sourceTree = BUILT_PRODUCTS_DIR; };
		B1B751E3233D28D6002C83F2 /* AppDelegate.swift */ = {isa = PBXFileReference; lastKnownFileType = sourcecode.swift; path = AppDelegate.swift; sourceTree = "<group>"; };
		B1B751E5233D28D6002C83F2 /* SceneDelegate.swift */ = {isa = PBXFileReference; lastKnownFileType = sourcecode.swift; path = SceneDelegate.swift; sourceTree = "<group>"; };
		B1B751E7233D28D6002C83F2 /* ViewController.swift */ = {isa = PBXFileReference; lastKnownFileType = sourcecode.swift; path = ViewController.swift; sourceTree = "<group>"; };
		B1B751EA233D28D6002C83F2 /* Base */ = {isa = PBXFileReference; lastKnownFileType = file.storyboard; name = Base; path = Base.lproj/Main.storyboard; sourceTree = "<group>"; };
		B1B751EC233D28D8002C83F2 /* Assets.xcassets */ = {isa = PBXFileReference; lastKnownFileType = folder.assetcatalog; path = Assets.xcassets; sourceTree = "<group>"; };
		B1B751EF233D28D8002C83F2 /* Base */ = {isa = PBXFileReference; lastKnownFileType = file.storyboard; name = Base; path = Base.lproj/LaunchScreen.storyboard; sourceTree = "<group>"; };
		B1B751F1233D28D8002C83F2 /* Info.plist */ = {isa = PBXFileReference; lastKnownFileType = text.plist.xml; path = Info.plist; sourceTree = "<group>"; };
		B1B751F6233D28D8002C83F2 /* BookSeekerTests.xctest */ = {isa = PBXFileReference; explicitFileType = wrapper.cfbundle; includeInIndex = 0; path = BookSeekerTests.xctest; sourceTree = BUILT_PRODUCTS_DIR; };
		B1B751FA233D28D8002C83F2 /* BookSeekerTests.swift */ = {isa = PBXFileReference; lastKnownFileType = sourcecode.swift; path = BookSeekerTests.swift; sourceTree = "<group>"; };
		B1B751FC233D28D8002C83F2 /* Info.plist */ = {isa = PBXFileReference; lastKnownFileType = text.plist.xml; path = Info.plist; sourceTree = "<group>"; };
		B1B75201233D28D9002C83F2 /* BookSeekerUITests.xctest */ = {isa = PBXFileReference; explicitFileType = wrapper.cfbundle; includeInIndex = 0; path = BookSeekerUITests.xctest; sourceTree = BUILT_PRODUCTS_DIR; };
		B1B75205233D28D9002C83F2 /* BookSeekerUITests.swift */ = {isa = PBXFileReference; lastKnownFileType = sourcecode.swift; path = BookSeekerUITests.swift; sourceTree = "<group>"; };
		B1B75207233D28D9002C83F2 /* Info.plist */ = {isa = PBXFileReference; lastKnownFileType = text.plist.xml; path = Info.plist; sourceTree = "<group>"; };
		D4F46FFADC34FE9B6D6D877F /* Pods-BookSeekerUITests.debug.xcconfig */ = {isa = PBXFileReference; includeInIndex = 1; lastKnownFileType = text.xcconfig; name = "Pods-BookSeekerUITests.debug.xcconfig"; path = "Target Support Files/Pods-BookSeekerUITests/Pods-BookSeekerUITests.debug.xcconfig"; sourceTree = "<group>"; };
		FD9409A16A258352BDE9835E /* Pods_BookSeekerUITests.framework */ = {isa = PBXFileReference; explicitFileType = wrapper.framework; includeInIndex = 0; path = Pods_BookSeekerUITests.framework; sourceTree = BUILT_PRODUCTS_DIR; };
/* End PBXFileReference section */

/* Begin PBXFrameworksBuildPhase section */
		B1B751DD233D28D6002C83F2 /* Frameworks */ = {
			isa = PBXFrameworksBuildPhase;
			buildActionMask = 2147483647;
			files = (
				0DC3E15232745E2BF195F1E2 /* Pods_BookSeeker.framework in Frameworks */,
			);
			runOnlyForDeploymentPostprocessing = 0;
		};
		B1B751F3233D28D8002C83F2 /* Frameworks */ = {
			isa = PBXFrameworksBuildPhase;
			buildActionMask = 2147483647;
			files = (
				373B6438053999DC83BA177F /* Pods_BookSeekerTests.framework in Frameworks */,
			);
			runOnlyForDeploymentPostprocessing = 0;
		};
		B1B751FE233D28D9002C83F2 /* Frameworks */ = {
			isa = PBXFrameworksBuildPhase;
			buildActionMask = 2147483647;
			files = (
				1451638F95674B6B896555DC /* Pods_BookSeekerUITests.framework in Frameworks */,
			);
			runOnlyForDeploymentPostprocessing = 0;
		};
/* End PBXFrameworksBuildPhase section */

/* Begin PBXGroup section */
		98F9D695D3979560F9D50360 /* Pods */ = {
			isa = PBXGroup;
			children = (
				0043A0DA9B201F3B8E554D5F /* Pods-BookSeeker.debug.xcconfig */,
				31B8D881FA8E490F13BFE945 /* Pods-BookSeeker.release.xcconfig */,
				30CCE24FC0F04856C4A4D9F1 /* Pods-BookSeekerTests.debug.xcconfig */,
				81DAC13EAF88A98321EF9729 /* Pods-BookSeekerTests.release.xcconfig */,
				D4F46FFADC34FE9B6D6D877F /* Pods-BookSeekerUITests.debug.xcconfig */,
				11E20DD3E47A9E52E9AC22DE /* Pods-BookSeekerUITests.release.xcconfig */,
			);
			path = Pods;
			sourceTree = "<group>";
		};
		9EC2C6AB283B7BB5E5C80D54 /* Frameworks */ = {
			isa = PBXGroup;
			children = (
				4F7DABA4F1A32A629ADE4365 /* Pods_BookSeeker.framework */,
				5CDE1357A6E29AFB7E8D4634 /* Pods_BookSeekerTests.framework */,
				FD9409A16A258352BDE9835E /* Pods_BookSeekerUITests.framework */,
			);
			name = Frameworks;
			sourceTree = "<group>";
		};
		B1B751D7233D28D6002C83F2 = {
			isa = PBXGroup;
			children = (
				B1B751E2233D28D6002C83F2 /* BookSeeker */,
				B1B751F9233D28D8002C83F2 /* BookSeekerTests */,
				B1B75204233D28D9002C83F2 /* BookSeekerUITests */,
				B1B751E1233D28D6002C83F2 /* Products */,
				98F9D695D3979560F9D50360 /* Pods */,
				9EC2C6AB283B7BB5E5C80D54 /* Frameworks */,
			);
			sourceTree = "<group>";
		};
		B1B751E1233D28D6002C83F2 /* Products */ = {
			isa = PBXGroup;
			children = (
				B1B751E0233D28D6002C83F2 /* BookSeeker.app */,
				B1B751F6233D28D8002C83F2 /* BookSeekerTests.xctest */,
				B1B75201233D28D9002C83F2 /* BookSeekerUITests.xctest */,
			);
			name = Products;
			sourceTree = "<group>";
		};
		B1B751E2233D28D6002C83F2 /* BookSeeker */ = {
			isa = PBXGroup;
			children = (
				B1B751E3233D28D6002C83F2 /* AppDelegate.swift */,
				B1B751E5233D28D6002C83F2 /* SceneDelegate.swift */,
				B1B751E7233D28D6002C83F2 /* ViewController.swift */,
				B1B751E9233D28D6002C83F2 /* Main.storyboard */,
				B1B751EC233D28D8002C83F2 /* Assets.xcassets */,
				B1B751EE233D28D8002C83F2 /* LaunchScreen.storyboard */,
				B1B751F1233D28D8002C83F2 /* Info.plist */,
			);
			path = BookSeeker;
			sourceTree = "<group>";
		};
		B1B751F9233D28D8002C83F2 /* BookSeekerTests */ = {
			isa = PBXGroup;
			children = (
				B1B751FA233D28D8002C83F2 /* BookSeekerTests.swift */,
				B1B751FC233D28D8002C83F2 /* Info.plist */,
			);
			path = BookSeekerTests;
			sourceTree = "<group>";
		};
		B1B75204233D28D9002C83F2 /* BookSeekerUITests */ = {
			isa = PBXGroup;
			children = (
				B1B75205233D28D9002C83F2 /* BookSeekerUITests.swift */,
				B1B75207233D28D9002C83F2 /* Info.plist */,
			);
			path = BookSeekerUITests;
			sourceTree = "<group>";
		};
/* End PBXGroup section */

/* Begin PBXNativeTarget section */
		B1B751DF233D28D6002C83F2 /* BookSeeker */ = {
			isa = PBXNativeTarget;
			buildConfigurationList = B1B7520A233D28D9002C83F2 /* Build configuration list for PBXNativeTarget "BookSeeker" */;
			buildPhases = (
				2DEB28B929D0D453771C11FF /* [CP] Check Pods Manifest.lock */,
				B1B751DC233D28D6002C83F2 /* Sources */,
				B1B751DD233D28D6002C83F2 /* Frameworks */,
				B1B751DE233D28D6002C83F2 /* Resources */,
				B1B75213233D47BB002C83F2 /* Swiftlint */,
				3CA8BFD732994D6391A290BC /* [CP] Embed Pods Frameworks */,
			);
			buildRules = (
			);
			dependencies = (
			);
			name = BookSeeker;
			productName = BookSeeker;
			productReference = B1B751E0233D28D6002C83F2 /* BookSeeker.app */;
			productType = "com.apple.product-type.application";
		};
		B1B751F5233D28D8002C83F2 /* BookSeekerTests */ = {
			isa = PBXNativeTarget;
			buildConfigurationList = B1B7520D233D28D9002C83F2 /* Build configuration list for PBXNativeTarget "BookSeekerTests" */;
			buildPhases = (
				6DD1435173D27ACB462CEE0B /* [CP] Check Pods Manifest.lock */,
				B1B751F2233D28D8002C83F2 /* Sources */,
				B1B751F3233D28D8002C83F2 /* Frameworks */,
				B1B751F4233D28D8002C83F2 /* Resources */,
			);
			buildRules = (
			);
			dependencies = (
				B1B751F8233D28D8002C83F2 /* PBXTargetDependency */,
			);
			name = BookSeekerTests;
			productName = BookSeekerTests;
			productReference = B1B751F6233D28D8002C83F2 /* BookSeekerTests.xctest */;
			productType = "com.apple.product-type.bundle.unit-test";
		};
		B1B75200233D28D9002C83F2 /* BookSeekerUITests */ = {
			isa = PBXNativeTarget;
			buildConfigurationList = B1B75210233D28D9002C83F2 /* Build configuration list for PBXNativeTarget "BookSeekerUITests" */;
			buildPhases = (
				E35F8A17767BB3B0796717F7 /* [CP] Check Pods Manifest.lock */,
				B1B751FD233D28D9002C83F2 /* Sources */,
				B1B751FE233D28D9002C83F2 /* Frameworks */,
				B1B751FF233D28D9002C83F2 /* Resources */,
				C065D4AA07FD269149113557 /* [CP] Embed Pods Frameworks */,
			);
			buildRules = (
			);
			dependencies = (
				B1B75203233D28D9002C83F2 /* PBXTargetDependency */,
			);
			name = BookSeekerUITests;
			productName = BookSeekerUITests;
			productReference = B1B75201233D28D9002C83F2 /* BookSeekerUITests.xctest */;
			productType = "com.apple.product-type.bundle.ui-testing";
		};
/* End PBXNativeTarget section */

/* Begin PBXProject section */
		B1B751D8233D28D6002C83F2 /* Project object */ = {
			isa = PBXProject;
			attributes = {
				LastSwiftUpdateCheck = 1100;
				LastUpgradeCheck = 1100;
				ORGANIZATIONNAME = CIT;
				TargetAttributes = {
					B1B751DF233D28D6002C83F2 = {
						CreatedOnToolsVersion = 11.0;
					};
					B1B751F5233D28D8002C83F2 = {
						CreatedOnToolsVersion = 11.0;
						TestTargetID = B1B751DF233D28D6002C83F2;
					};
					B1B75200233D28D9002C83F2 = {
						CreatedOnToolsVersion = 11.0;
						TestTargetID = B1B751DF233D28D6002C83F2;
					};
				};
			};
			buildConfigurationList = B1B751DB233D28D6002C83F2 /* Build configuration list for PBXProject "BookSeeker" */;
			compatibilityVersion = "Xcode 9.3";
			developmentRegion = en;
			hasScannedForEncodings = 0;
			knownRegions = (
				en,
				Base,
			);
			mainGroup = B1B751D7233D28D6002C83F2;
			productRefGroup = B1B751E1233D28D6002C83F2 /* Products */;
			projectDirPath = "";
			projectRoot = "";
			targets = (
				B1B751DF233D28D6002C83F2 /* BookSeeker */,
				B1B751F5233D28D8002C83F2 /* BookSeekerTests */,
				B1B75200233D28D9002C83F2 /* BookSeekerUITests */,
			);
		};
/* End PBXProject section */

/* Begin PBXResourcesBuildPhase section */
		B1B751DE233D28D6002C83F2 /* Resources */ = {
			isa = PBXResourcesBuildPhase;
			buildActionMask = 2147483647;
			files = (
				B1B751F0233D28D8002C83F2 /* LaunchScreen.storyboard in Resources */,
				B1B751ED233D28D8002C83F2 /* Assets.xcassets in Resources */,
				B1B751EB233D28D6002C83F2 /* Main.storyboard in Resources */,
			);
			runOnlyForDeploymentPostprocessing = 0;
		};
		B1B751F4233D28D8002C83F2 /* Resources */ = {
			isa = PBXResourcesBuildPhase;
			buildActionMask = 2147483647;
			files = (
			);
			runOnlyForDeploymentPostprocessing = 0;
		};
		B1B751FF233D28D9002C83F2 /* Resources */ = {
			isa = PBXResourcesBuildPhase;
			buildActionMask = 2147483647;
			files = (
			);
			runOnlyForDeploymentPostprocessing = 0;
		};
/* End PBXResourcesBuildPhase section */

/* Begin PBXShellScriptBuildPhase section */
		2DEB28B929D0D453771C11FF /* [CP] Check Pods Manifest.lock */ = {
			isa = PBXShellScriptBuildPhase;
			buildActionMask = 2147483647;
			files = (
			);
			inputFileListPaths = (
			);
			inputPaths = (
				"${PODS_PODFILE_DIR_PATH}/Podfile.lock",
				"${PODS_ROOT}/Manifest.lock",
			);
			name = "[CP] Check Pods Manifest.lock";
			outputFileListPaths = (
			);
			outputPaths = (
				"$(DERIVED_FILE_DIR)/Pods-BookSeeker-checkManifestLockResult.txt",
			);
			runOnlyForDeploymentPostprocessing = 0;
			shellPath = /bin/sh;
			shellScript = "diff \"${PODS_PODFILE_DIR_PATH}/Podfile.lock\" \"${PODS_ROOT}/Manifest.lock\" > /dev/null\nif [ $? != 0 ] ; then\n    # print error to STDERR\n    echo \"error: The sandbox is not in sync with the Podfile.lock. Run 'pod install' or update your CocoaPods installation.\" >&2\n    exit 1\nfi\n# This output is used by Xcode 'outputs' to avoid re-running this script phase.\necho \"SUCCESS\" > \"${SCRIPT_OUTPUT_FILE_0}\"\n";
			showEnvVarsInLog = 0;
		};
		3CA8BFD732994D6391A290BC /* [CP] Embed Pods Frameworks */ = {
			isa = PBXShellScriptBuildPhase;
			buildActionMask = 2147483647;
			files = (
			);
			inputFileListPaths = (
				"${PODS_ROOT}/Target Support Files/Pods-BookSeeker/Pods-BookSeeker-frameworks-${CONFIGURATION}-input-files.xcfilelist",
			);
			name = "[CP] Embed Pods Frameworks";
			outputFileListPaths = (
				"${PODS_ROOT}/Target Support Files/Pods-BookSeeker/Pods-BookSeeker-frameworks-${CONFIGURATION}-output-files.xcfilelist",
			);
			runOnlyForDeploymentPostprocessing = 0;
			shellPath = /bin/sh;
			shellScript = "\"${PODS_ROOT}/Target Support Files/Pods-BookSeeker/Pods-BookSeeker-frameworks.sh\"\n";
			showEnvVarsInLog = 0;
		};
		6DD1435173D27ACB462CEE0B /* [CP] Check Pods Manifest.lock */ = {
			isa = PBXShellScriptBuildPhase;
			buildActionMask = 2147483647;
			files = (
			);
			inputFileListPaths = (
			);
			inputPaths = (
				"${PODS_PODFILE_DIR_PATH}/Podfile.lock",
				"${PODS_ROOT}/Manifest.lock",
			);
			name = "[CP] Check Pods Manifest.lock";
			outputFileListPaths = (
			);
			outputPaths = (
				"$(DERIVED_FILE_DIR)/Pods-BookSeekerTests-checkManifestLockResult.txt",
			);
			runOnlyForDeploymentPostprocessing = 0;
			shellPath = /bin/sh;
			shellScript = "diff \"${PODS_PODFILE_DIR_PATH}/Podfile.lock\" \"${PODS_ROOT}/Manifest.lock\" > /dev/null\nif [ $? != 0 ] ; then\n    # print error to STDERR\n    echo \"error: The sandbox is not in sync with the Podfile.lock. Run 'pod install' or update your CocoaPods installation.\" >&2\n    exit 1\nfi\n# This output is used by Xcode 'outputs' to avoid re-running this script phase.\necho \"SUCCESS\" > \"${SCRIPT_OUTPUT_FILE_0}\"\n";
			showEnvVarsInLog = 0;
		};
		B1B75213233D47BB002C83F2 /* Swiftlint */ = {
			isa = PBXShellScriptBuildPhase;
			buildActionMask = 2147483647;
			files = (
			);
			inputFileListPaths = (
			);
			inputPaths = (
			);
			name = Swiftlint;
			outputFileListPaths = (
			);
			outputPaths = (
			);
			runOnlyForDeploymentPostprocessing = 0;
			shellPath = /bin/sh;
			shellScript = "${PODS_ROOT}/SwiftLint/swiftlint\n";
		};
		C065D4AA07FD269149113557 /* [CP] Embed Pods Frameworks */ = {
			isa = PBXShellScriptBuildPhase;
			buildActionMask = 2147483647;
			files = (
			);
			inputFileListPaths = (
				"${PODS_ROOT}/Target Support Files/Pods-BookSeekerUITests/Pods-BookSeekerUITests-frameworks-${CONFIGURATION}-input-files.xcfilelist",
			);
			name = "[CP] Embed Pods Frameworks";
			outputFileListPaths = (
				"${PODS_ROOT}/Target Support Files/Pods-BookSeekerUITests/Pods-BookSeekerUITests-frameworks-${CONFIGURATION}-output-files.xcfilelist",
			);
			runOnlyForDeploymentPostprocessing = 0;
			shellPath = /bin/sh;
			shellScript = "\"${PODS_ROOT}/Target Support Files/Pods-BookSeekerUITests/Pods-BookSeekerUITests-frameworks.sh\"\n";
			showEnvVarsInLog = 0;
		};
		E35F8A17767BB3B0796717F7 /* [CP] Check Pods Manifest.lock */ = {
			isa = PBXShellScriptBuildPhase;
			buildActionMask = 2147483647;
			files = (
			);
			inputFileListPaths = (
			);
			inputPaths = (
				"${PODS_PODFILE_DIR_PATH}/Podfile.lock",
				"${PODS_ROOT}/Manifest.lock",
			);
			name = "[CP] Check Pods Manifest.lock";
			outputFileListPaths = (
			);
			outputPaths = (
				"$(DERIVED_FILE_DIR)/Pods-BookSeekerUITests-checkManifestLockResult.txt",
			);
			runOnlyForDeploymentPostprocessing = 0;
			shellPath = /bin/sh;
			shellScript = "diff \"${PODS_PODFILE_DIR_PATH}/Podfile.lock\" \"${PODS_ROOT}/Manifest.lock\" > /dev/null\nif [ $? != 0 ] ; then\n    # print error to STDERR\n    echo \"error: The sandbox is not in sync with the Podfile.lock. Run 'pod install' or update your CocoaPods installation.\" >&2\n    exit 1\nfi\n# This output is used by Xcode 'outputs' to avoid re-running this script phase.\necho \"SUCCESS\" > \"${SCRIPT_OUTPUT_FILE_0}\"\n";
			showEnvVarsInLog = 0;
		};
/* End PBXShellScriptBuildPhase section */

/* Begin PBXSourcesBuildPhase section */
		B1B751DC233D28D6002C83F2 /* Sources */ = {
			isa = PBXSourcesBuildPhase;
			buildActionMask = 2147483647;
			files = (
				B1B751E8233D28D6002C83F2 /* ViewController.swift in Sources */,
				B1B751E4233D28D6002C83F2 /* AppDelegate.swift in Sources */,
				B1B751E6233D28D6002C83F2 /* SceneDelegate.swift in Sources */,
			);
			runOnlyForDeploymentPostprocessing = 0;
		};
		B1B751F2233D28D8002C83F2 /* Sources */ = {
			isa = PBXSourcesBuildPhase;
			buildActionMask = 2147483647;
			files = (
				B1B751FB233D28D8002C83F2 /* BookSeekerTests.swift in Sources */,
			);
			runOnlyForDeploymentPostprocessing = 0;
		};
		B1B751FD233D28D9002C83F2 /* Sources */ = {
			isa = PBXSourcesBuildPhase;
			buildActionMask = 2147483647;
			files = (
				B1B75206233D28D9002C83F2 /* BookSeekerUITests.swift in Sources */,
			);
			runOnlyForDeploymentPostprocessing = 0;
		};
/* End PBXSourcesBuildPhase section */

/* Begin PBXTargetDependency section */
		B1B751F8233D28D8002C83F2 /* PBXTargetDependency */ = {
			isa = PBXTargetDependency;
			target = B1B751DF233D28D6002C83F2 /* BookSeeker */;
			targetProxy = B1B751F7233D28D8002C83F2 /* PBXContainerItemProxy */;
		};
		B1B75203233D28D9002C83F2 /* PBXTargetDependency */ = {
			isa = PBXTargetDependency;
			target = B1B751DF233D28D6002C83F2 /* BookSeeker */;
			targetProxy = B1B75202233D28D9002C83F2 /* PBXContainerItemProxy */;
		};
/* End PBXTargetDependency section */

/* Begin PBXVariantGroup section */
		B1B751E9233D28D6002C83F2 /* Main.storyboard */ = {
			isa = PBXVariantGroup;
			children = (
				B1B751EA233D28D6002C83F2 /* Base */,
			);
			name = Main.storyboard;
			sourceTree = "<group>";
		};
		B1B751EE233D28D8002C83F2 /* LaunchScreen.storyboard */ = {
			isa = PBXVariantGroup;
			children = (
				B1B751EF233D28D8002C83F2 /* Base */,
			);
			name = LaunchScreen.storyboard;
			sourceTree = "<group>";
		};
/* End PBXVariantGroup section */

/* Begin XCBuildConfiguration section */
		B1B75208233D28D9002C83F2 /* Debug */ = {
			isa = XCBuildConfiguration;
			buildSettings = {
				ALWAYS_SEARCH_USER_PATHS = NO;
				CLANG_ANALYZER_NONNULL = YES;
				CLANG_ANALYZER_NUMBER_OBJECT_CONVERSION = YES_AGGRESSIVE;
				CLANG_CXX_LANGUAGE_STANDARD = "gnu++14";
				CLANG_CXX_LIBRARY = "libc++";
				CLANG_ENABLE_MODULES = YES;
				CLANG_ENABLE_OBJC_ARC = YES;
				CLANG_ENABLE_OBJC_WEAK = YES;
				CLANG_WARN_BLOCK_CAPTURE_AUTORELEASING = YES;
				CLANG_WARN_BOOL_CONVERSION = YES;
				CLANG_WARN_COMMA = YES;
				CLANG_WARN_CONSTANT_CONVERSION = YES;
				CLANG_WARN_DEPRECATED_OBJC_IMPLEMENTATIONS = YES;
				CLANG_WARN_DIRECT_OBJC_ISA_USAGE = YES_ERROR;
				CLANG_WARN_DOCUMENTATION_COMMENTS = YES;
				CLANG_WARN_EMPTY_BODY = YES;
				CLANG_WARN_ENUM_CONVERSION = YES;
				CLANG_WARN_INFINITE_RECURSION = YES;
				CLANG_WARN_INT_CONVERSION = YES;
				CLANG_WARN_NON_LITERAL_NULL_CONVERSION = YES;
				CLANG_WARN_OBJC_IMPLICIT_RETAIN_SELF = YES;
				CLANG_WARN_OBJC_LITERAL_CONVERSION = YES;
				CLANG_WARN_OBJC_ROOT_CLASS = YES_ERROR;
				CLANG_WARN_RANGE_LOOP_ANALYSIS = YES;
				CLANG_WARN_STRICT_PROTOTYPES = YES;
				CLANG_WARN_SUSPICIOUS_MOVE = YES;
				CLANG_WARN_UNGUARDED_AVAILABILITY = YES_AGGRESSIVE;
				CLANG_WARN_UNREACHABLE_CODE = YES;
				CLANG_WARN__DUPLICATE_METHOD_MATCH = YES;
				COPY_PHASE_STRIP = NO;
				DEBUG_INFORMATION_FORMAT = dwarf;
				ENABLE_STRICT_OBJC_MSGSEND = YES;
				ENABLE_TESTABILITY = YES;
				GCC_C_LANGUAGE_STANDARD = gnu11;
				GCC_DYNAMIC_NO_PIC = NO;
				GCC_NO_COMMON_BLOCKS = YES;
				GCC_OPTIMIZATION_LEVEL = 0;
				GCC_PREPROCESSOR_DEFINITIONS = (
					"DEBUG=1",
					"$(inherited)",
				);
				GCC_WARN_64_TO_32_BIT_CONVERSION = YES;
				GCC_WARN_ABOUT_RETURN_TYPE = YES_ERROR;
				GCC_WARN_UNDECLARED_SELECTOR = YES;
				GCC_WARN_UNINITIALIZED_AUTOS = YES_AGGRESSIVE;
				GCC_WARN_UNUSED_FUNCTION = YES;
				GCC_WARN_UNUSED_VARIABLE = YES;
				IPHONEOS_DEPLOYMENT_TARGET = 13.0;
				MTL_ENABLE_DEBUG_INFO = INCLUDE_SOURCE;
				MTL_FAST_MATH = YES;
				ONLY_ACTIVE_ARCH = YES;
				SDKROOT = iphoneos;
				SWIFT_ACTIVE_COMPILATION_CONDITIONS = DEBUG;
				SWIFT_OPTIMIZATION_LEVEL = "-Onone";
			};
			name = Debug;
		};
		B1B75209233D28D9002C83F2 /* Release */ = {
			isa = XCBuildConfiguration;
			buildSettings = {
				ALWAYS_SEARCH_USER_PATHS = NO;
				CLANG_ANALYZER_NONNULL = YES;
				CLANG_ANALYZER_NUMBER_OBJECT_CONVERSION = YES_AGGRESSIVE;
				CLANG_CXX_LANGUAGE_STANDARD = "gnu++14";
				CLANG_CXX_LIBRARY = "libc++";
				CLANG_ENABLE_MODULES = YES;
				CLANG_ENABLE_OBJC_ARC = YES;
				CLANG_ENABLE_OBJC_WEAK = YES;
				CLANG_WARN_BLOCK_CAPTURE_AUTORELEASING = YES;
				CLANG_WARN_BOOL_CONVERSION = YES;
				CLANG_WARN_COMMA = YES;
				CLANG_WARN_CONSTANT_CONVERSION = YES;
				CLANG_WARN_DEPRECATED_OBJC_IMPLEMENTATIONS = YES;
				CLANG_WARN_DIRECT_OBJC_ISA_USAGE = YES_ERROR;
				CLANG_WARN_DOCUMENTATION_COMMENTS = YES;
				CLANG_WARN_EMPTY_BODY = YES;
				CLANG_WARN_ENUM_CONVERSION = YES;
				CLANG_WARN_INFINITE_RECURSION = YES;
				CLANG_WARN_INT_CONVERSION = YES;
				CLANG_WARN_NON_LITERAL_NULL_CONVERSION = YES;
				CLANG_WARN_OBJC_IMPLICIT_RETAIN_SELF = YES;
				CLANG_WARN_OBJC_LITERAL_CONVERSION = YES;
				CLANG_WARN_OBJC_ROOT_CLASS = YES_ERROR;
				CLANG_WARN_RANGE_LOOP_ANALYSIS = YES;
				CLANG_WARN_STRICT_PROTOTYPES = YES;
				CLANG_WARN_SUSPICIOUS_MOVE = YES;
				CLANG_WARN_UNGUARDED_AVAILABILITY = YES_AGGRESSIVE;
				CLANG_WARN_UNREACHABLE_CODE = YES;
				CLANG_WARN__DUPLICATE_METHOD_MATCH = YES;
				COPY_PHASE_STRIP = NO;
				DEBUG_INFORMATION_FORMAT = "dwarf-with-dsym";
				ENABLE_NS_ASSERTIONS = NO;
				ENABLE_STRICT_OBJC_MSGSEND = YES;
				GCC_C_LANGUAGE_STANDARD = gnu11;
				GCC_NO_COMMON_BLOCKS = YES;
				GCC_WARN_64_TO_32_BIT_CONVERSION = YES;
				GCC_WARN_ABOUT_RETURN_TYPE = YES_ERROR;
				GCC_WARN_UNDECLARED_SELECTOR = YES;
				GCC_WARN_UNINITIALIZED_AUTOS = YES_AGGRESSIVE;
				GCC_WARN_UNUSED_FUNCTION = YES;
				GCC_WARN_UNUSED_VARIABLE = YES;
				IPHONEOS_DEPLOYMENT_TARGET = 13.0;
				MTL_ENABLE_DEBUG_INFO = NO;
				MTL_FAST_MATH = YES;
				SDKROOT = iphoneos;
				SWIFT_COMPILATION_MODE = wholemodule;
				SWIFT_OPTIMIZATION_LEVEL = "-O";
				VALIDATE_PRODUCT = YES;
			};
			name = Release;
		};
		B1B7520B233D28D9002C83F2 /* Debug */ = {
			isa = XCBuildConfiguration;
			baseConfigurationReference = 0043A0DA9B201F3B8E554D5F /* Pods-BookSeeker.debug.xcconfig */;
			buildSettings = {
				ASSETCATALOG_COMPILER_APPICON_NAME = AppIcon;
				CODE_SIGN_STYLE = Automatic;
				INFOPLIST_FILE = BookSeeker/Info.plist;
				LD_RUNPATH_SEARCH_PATHS = (
					"$(inherited)",
					"@executable_path/Frameworks",
				);
				PRODUCT_BUNDLE_IDENTIFIER = com.ciandt.book.seeker.BookSeeker;
				PRODUCT_NAME = "$(TARGET_NAME)";
				SWIFT_VERSION = 5.0;
				TARGETED_DEVICE_FAMILY = 1;
			};
			name = Debug;
		};
		B1B7520C233D28D9002C83F2 /* Release */ = {
			isa = XCBuildConfiguration;
			baseConfigurationReference = 31B8D881FA8E490F13BFE945 /* Pods-BookSeeker.release.xcconfig */;
			buildSettings = {
				ASSETCATALOG_COMPILER_APPICON_NAME = AppIcon;
				CODE_SIGN_STYLE = Automatic;
				INFOPLIST_FILE = BookSeeker/Info.plist;
				LD_RUNPATH_SEARCH_PATHS = (
					"$(inherited)",
					"@executable_path/Frameworks",
				);
				PRODUCT_BUNDLE_IDENTIFIER = com.ciandt.book.seeker.BookSeeker;
				PRODUCT_NAME = "$(TARGET_NAME)";
				SWIFT_VERSION = 5.0;
				TARGETED_DEVICE_FAMILY = 1;
			};
			name = Release;
		};
		B1B7520E233D28D9002C83F2 /* Debug */ = {
			isa = XCBuildConfiguration;
			baseConfigurationReference = 30CCE24FC0F04856C4A4D9F1 /* Pods-BookSeekerTests.debug.xcconfig */;
			buildSettings = {
				ALWAYS_EMBED_SWIFT_STANDARD_LIBRARIES = YES;
				BUNDLE_LOADER = "$(TEST_HOST)";
				CODE_SIGN_STYLE = Automatic;
				INFOPLIST_FILE = BookSeekerTests/Info.plist;
				IPHONEOS_DEPLOYMENT_TARGET = 13.0;
				LD_RUNPATH_SEARCH_PATHS = (
					"$(inherited)",
					"@executable_path/Frameworks",
					"@loader_path/Frameworks",
				);
				PRODUCT_BUNDLE_IDENTIFIER = com.ciandt.book.seeker.BookSeekerTests;
				PRODUCT_NAME = "$(TARGET_NAME)";
				SWIFT_VERSION = 5.0;
				TARGETED_DEVICE_FAMILY = "1,2";
				TEST_HOST = "$(BUILT_PRODUCTS_DIR)/BookSeeker.app/BookSeeker";
			};
			name = Debug;
		};
		B1B7520F233D28D9002C83F2 /* Release */ = {
			isa = XCBuildConfiguration;
			baseConfigurationReference = 81DAC13EAF88A98321EF9729 /* Pods-BookSeekerTests.release.xcconfig */;
			buildSettings = {
				ALWAYS_EMBED_SWIFT_STANDARD_LIBRARIES = YES;
				BUNDLE_LOADER = "$(TEST_HOST)";
				CODE_SIGN_STYLE = Automatic;
				INFOPLIST_FILE = BookSeekerTests/Info.plist;
				IPHONEOS_DEPLOYMENT_TARGET = 13.0;
				LD_RUNPATH_SEARCH_PATHS = (
					"$(inherited)",
					"@executable_path/Frameworks",
					"@loader_path/Frameworks",
				);
				PRODUCT_BUNDLE_IDENTIFIER = com.ciandt.book.seeker.BookSeekerTests;
				PRODUCT_NAME = "$(TARGET_NAME)";
				SWIFT_VERSION = 5.0;
				TARGETED_DEVICE_FAMILY = "1,2";
				TEST_HOST = "$(BUILT_PRODUCTS_DIR)/BookSeeker.app/BookSeeker";
			};
			name = Release;
		};
		B1B75211233D28D9002C83F2 /* Debug */ = {
			isa = XCBuildConfiguration;
			baseConfigurationReference = D4F46FFADC34FE9B6D6D877F /* Pods-BookSeekerUITests.debug.xcconfig */;
			buildSettings = {
				ALWAYS_EMBED_SWIFT_STANDARD_LIBRARIES = YES;
				CODE_SIGN_STYLE = Automatic;
				INFOPLIST_FILE = BookSeekerUITests/Info.plist;
				LD_RUNPATH_SEARCH_PATHS = (
					"$(inherited)",
					"@executable_path/Frameworks",
					"@loader_path/Frameworks",
				);
				PRODUCT_BUNDLE_IDENTIFIER = com.ciandt.book.seeker.BookSeekerUITests;
				PRODUCT_NAME = "$(TARGET_NAME)";
				SWIFT_VERSION = 5.0;
				TARGETED_DEVICE_FAMILY = "1,2";
				TEST_TARGET_NAME = BookSeeker;
			};
			name = Debug;
		};
		B1B75212233D28D9002C83F2 /* Release */ = {
			isa = XCBuildConfiguration;
			baseConfigurationReference = 11E20DD3E47A9E52E9AC22DE /* Pods-BookSeekerUITests.release.xcconfig */;
			buildSettings = {
				ALWAYS_EMBED_SWIFT_STANDARD_LIBRARIES = YES;
				CODE_SIGN_STYLE = Automatic;
				INFOPLIST_FILE = BookSeekerUITests/Info.plist;
				LD_RUNPATH_SEARCH_PATHS = (
					"$(inherited)",
					"@executable_path/Frameworks",
					"@loader_path/Frameworks",
				);
				PRODUCT_BUNDLE_IDENTIFIER = com.ciandt.book.seeker.BookSeekerUITests;
				PRODUCT_NAME = "$(TARGET_NAME)";
				SWIFT_VERSION = 5.0;
				TARGETED_DEVICE_FAMILY = "1,2";
				TEST_TARGET_NAME = BookSeeker;
			};
			name = Release;
		};
/* End XCBuildConfiguration section */

/* Begin XCConfigurationList section */
		B1B751DB233D28D6002C83F2 /* Build configuration list for PBXProject "BookSeeker" */ = {
			isa = XCConfigurationList;
			buildConfigurations = (
				B1B75208233D28D9002C83F2 /* Debug */,
				B1B75209233D28D9002C83F2 /* Release */,
			);
			defaultConfigurationIsVisible = 0;
			defaultConfigurationName = Release;
		};
		B1B7520A233D28D9002C83F2 /* Build configuration list for PBXNativeTarget "BookSeeker" */ = {
			isa = XCConfigurationList;
			buildConfigurations = (
				B1B7520B233D28D9002C83F2 /* Debug */,
				B1B7520C233D28D9002C83F2 /* Release */,
			);
			defaultConfigurationIsVisible = 0;
			defaultConfigurationName = Release;
		};
		B1B7520D233D28D9002C83F2 /* Build configuration list for PBXNativeTarget "BookSeekerTests" */ = {
			isa = XCConfigurationList;
			buildConfigurations = (
				B1B7520E233D28D9002C83F2 /* Debug */,
				B1B7520F233D28D9002C83F2 /* Release */,
			);
			defaultConfigurationIsVisible = 0;
			defaultConfigurationName = Release;
		};
		B1B75210233D28D9002C83F2 /* Build configuration list for PBXNativeTarget "BookSeekerUITests" */ = {
			isa = XCConfigurationList;
			buildConfigurations = (
				B1B75211233D28D9002C83F2 /* Debug */,
				B1B75212233D28D9002C83F2 /* Release */,
			);
			defaultConfigurationIsVisible = 0;
			defaultConfigurationName = Release;
		};
/* End XCConfigurationList section */
	};
	rootObject = B1B751D8233D28D6002C83F2 /* Project object */;
}
